
Microsoft Visual Studio Solution File, Format Version 12.00
# Visual Studio Version 17
VisualStudioVersion = 17.7.34031.279
MinimumVisualStudioVersion = 10.0.40219.1
Project("{FAE04EC0-301F-11D3-BF4B-00C04F79EFBC}") = "AplicacaoRickEMorty", "AplicacaoRickEMorty\AplicacaoRickEMorty.csproj", "{DA54AD32-6582-4BB4-9078-B679FA52D0E0}"
EndProject
Global
	GlobalSection(SolutionConfigurationPlatforms) = preSolution
		Debug|Any CPU = Debug|Any CPU
		Release|Any CPU = Release|Any CPU
	EndGlobalSection
	GlobalSection(ProjectConfigurationPlatforms) = postSolution
		{DA54AD32-6582-4BB4-9078-B679FA52D0E0}.Debug|Any CPU.ActiveCfg = Debug|Any CPU
		{DA54AD32-6582-4BB4-9078-B679FA52D0E0}.Debug|Any CPU.Build.0 = Debug|Any CPU
		{DA54AD32-6582-4BB4-9078-B679FA52D0E0}.Release|Any CPU.ActiveCfg = Release|Any CPU
		{DA54AD32-6582-4BB4-9078-B679FA52D0E0}.Release|Any CPU.Build.0 = Release|Any CPU
	EndGlobalSection
	GlobalSection(SolutionProperties) = preSolution
		HideSolutionNode = FALSE
	EndGlobalSection
	GlobalSection(ExtensibilityGlobals) = postSolution
		SolutionGuid = {B4F2E54B-46A3-476D-AAC1-A7987FABF3E7}
	EndGlobalSection
EndGlobal
